
Microsoft Visual Studio Solution File, Format Version 12.00
# Visual Studio Version 17
VisualStudioVersion = 17.5.33530.505
MinimumVisualStudioVersion = 10.0.40219.1
Project("{FAE04EC0-301F-11D3-BF4B-00C04F79EFBC}") = "InterfataGrafica", "InterfataGrafica.csproj", "{DA404451-8490-4BEA-8A3F-AF8DCDBEF43E}"
EndProject
Global
	GlobalSection(SolutionConfigurationPlatforms) = preSolution
		Debug|Any CPU = Debug|Any CPU
		Release|Any CPU = Release|Any CPU
	EndGlobalSection
	GlobalSection(ProjectConfigurationPlatforms) = postSolution
		{DA404451-8490-4BEA-8A3F-AF8DCDBEF43E}.Debug|Any CPU.ActiveCfg = Debug|Any CPU
		{DA404451-8490-4BEA-8A3F-AF8DCDBEF43E}.Debug|Any CPU.Build.0 = Debug|Any CPU
		{DA404451-8490-4BEA-8A3F-AF8DCDBEF43E}.Release|Any CPU.ActiveCfg = Release|Any CPU
		{DA404451-8490-4BEA-8A3F-AF8DCDBEF43E}.Release|Any CPU.Build.0 = Release|Any CPU
	EndGlobalSection
	GlobalSection(SolutionProperties) = preSolution
		HideSolutionNode = FALSE
	EndGlobalSection
	GlobalSection(ExtensibilityGlobals) = postSolution
		SolutionGuid = {6ED9F74F-A82C-414C-8146-B9383A79FAF6}
	EndGlobalSection
EndGlobal
